
Microsoft Visual Studio Solution File, Format Version 12.00
# Visual Studio Version 17
VisualStudioVersion = 17.0.31903.59
MinimumVisualStudioVersion = 10.0.40219.1
Project("{2150E333-8FDC-42A3-9474-1A3956D46DE8}") = "src", "src", "{827E0CD3-B72D-47B6-A68D-7590B98EB39B}"
EndProject
Project("{FAE04EC0-301F-11D3-BF4B-00C04F79EFBC}") = "BootcampWebApp", "src\BootcampWebApp\BootcampWebApp.csproj", "{0AB48338-9CF0-4E35-BE7B-6586F33B1955}"
EndProject
Project("{FAE04EC0-301F-11D3-BF4B-00C04F79EFBC}") = "BootcampWebApp.Tests", "src\BootcampWebApp.Tests\BootcampWebApp.Tests.csproj", "{39185E71-90A9-42D9-9059-BE757996D939}"
EndProject
Project("{FAE04EC0-301F-11D3-BF4B-00C04F79EFBC}") = "BootcampShared", "src\BootcampShared\BootcampShared.csproj", "{183B8FD7-3A90-4D9D-BF55-671E70B9A77F}"
EndProject
Project("{FAE04EC0-301F-11D3-BF4B-00C04F79EFBC}") = "BootcampMauiApp", "src\BootcampMauiApp\BootcampMauiApp.csproj", "{A8A6F2ED-0E57-43B4-8606-00ADC7845BB8}"
EndProject
Project("{FAE04EC0-301F-11D3-BF4B-00C04F79EFBC}") = "BootcampShared.Tests", "src\BootcampShared.Tests\BootcampShared.Tests.csproj", "{DE8FEEA6-8265-46CE-9628-EABD4D995805}"
EndProject
Global
	GlobalSection(SolutionConfigurationPlatforms) = preSolution
		Debug|Any CPU = Debug|Any CPU
		Debug|x64 = Debug|x64
		Debug|x86 = Debug|x86
		Release|Any CPU = Release|Any CPU
		Release|x64 = Release|x64
		Release|x86 = Release|x86
	EndGlobalSection
	GlobalSection(ProjectConfigurationPlatforms) = postSolution
		{0AB48338-9CF0-4E35-BE7B-6586F33B1955}.Debug|Any CPU.ActiveCfg = Debug|Any CPU
		{0AB48338-9CF0-4E35-BE7B-6586F33B1955}.Debug|Any CPU.Build.0 = Debug|Any CPU
		{0AB48338-9CF0-4E35-BE7B-6586F33B1955}.Debug|x64.ActiveCfg = Debug|Any CPU
		{0AB48338-9CF0-4E35-BE7B-6586F33B1955}.Debug|x64.Build.0 = Debug|Any CPU
		{0AB48338-9CF0-4E35-BE7B-6586F33B1955}.Debug|x86.ActiveCfg = Debug|Any CPU
		{0AB48338-9CF0-4E35-BE7B-6586F33B1955}.Debug|x86.Build.0 = Debug|Any CPU
		{0AB48338-9CF0-4E35-BE7B-6586F33B1955}.Release|Any CPU.ActiveCfg = Release|Any CPU
		{0AB48338-9CF0-4E35-BE7B-6586F33B1955}.Release|Any CPU.Build.0 = Release|Any CPU
		{0AB48338-9CF0-4E35-BE7B-6586F33B1955}.Release|x64.ActiveCfg = Release|Any CPU
		{0AB48338-9CF0-4E35-BE7B-6586F33B1955}.Release|x64.Build.0 = Release|Any CPU
		{0AB48338-9CF0-4E35-BE7B-6586F33B1955}.Release|x86.ActiveCfg = Release|Any CPU
		{0AB48338-9CF0-4E35-BE7B-6586F33B1955}.Release|x86.Build.0 = Release|Any CPU
		{39185E71-90A9-42D9-9059-BE757996D939}.Debug|Any CPU.ActiveCfg = Debug|Any CPU
		{39185E71-90A9-42D9-9059-BE757996D939}.Debug|Any CPU.Build.0 = Debug|Any CPU
		{39185E71-90A9-42D9-9059-BE757996D939}.Debug|x64.ActiveCfg = Debug|Any CPU
		{39185E71-90A9-42D9-9059-BE757996D939}.Debug|x64.Build.0 = Debug|Any CPU
		{39185E71-90A9-42D9-9059-BE757996D939}.Debug|x86.ActiveCfg = Debug|Any CPU
		{39185E71-90A9-42D9-9059-BE757996D939}.Debug|x86.Build.0 = Debug|Any CPU
		{39185E71-90A9-42D9-9059-BE757996D939}.Release|Any CPU.ActiveCfg = Release|Any CPU
		{39185E71-90A9-42D9-9059-BE757996D939}.Release|Any CPU.Build.0 = Release|Any CPU
		{39185E71-90A9-42D9-9059-BE757996D939}.Release|x64.ActiveCfg = Release|Any CPU
		{39185E71-90A9-42D9-9059-BE757996D939}.Release|x64.Build.0 = Release|Any CPU
		{39185E71-90A9-42D9-9059-BE757996D939}.Release|x86.ActiveCfg = Release|Any CPU
		{39185E71-90A9-42D9-9059-BE757996D939}.Release|x86.Build.0 = Release|Any CPU
		{183B8FD7-3A90-4D9D-BF55-671E70B9A77F}.Debug|Any CPU.ActiveCfg = Debug|Any CPU
		{183B8FD7-3A90-4D9D-BF55-671E70B9A77F}.Debug|Any CPU.Build.0 = Debug|Any CPU
		{183B8FD7-3A90-4D9D-BF55-671E70B9A77F}.Debug|x64.ActiveCfg = Debug|Any CPU
		{183B8FD7-3A90-4D9D-BF55-671E70B9A77F}.Debug|x64.Build.0 = Debug|Any CPU
		{183B8FD7-3A90-4D9D-BF55-671E70B9A77F}.Debug|x86.ActiveCfg = Debug|Any CPU
		{183B8FD7-3A90-4D9D-BF55-671E70B9A77F}.Debug|x86.Build.0 = Debug|Any CPU
		{183B8FD7-3A90-4D9D-BF55-671E70B9A77F}.Release|Any CPU.ActiveCfg = Release|Any CPU
		{183B8FD7-3A90-4D9D-BF55-671E70B9A77F}.Release|Any CPU.Build.0 = Release|Any CPU
		{183B8FD7-3A90-4D9D-BF55-671E70B9A77F}.Release|x64.ActiveCfg = Release|Any CPU
		{183B8FD7-3A90-4D9D-BF55-671E70B9A77F}.Release|x64.Build.0 = Release|Any CPU
		{183B8FD7-3A90-4D9D-BF55-671E70B9A77F}.Release|x86.ActiveCfg = Release|Any CPU
		{183B8FD7-3A90-4D9D-BF55-671E70B9A77F}.Release|x86.Build.0 = Release|Any CPU
		{A8A6F2ED-0E57-43B4-8606-00ADC7845BB8}.Debug|Any CPU.ActiveCfg = Debug|Any CPU
		{A8A6F2ED-0E57-43B4-8606-00ADC7845BB8}.Debug|Any CPU.Build.0 = Debug|Any CPU
		{A8A6F2ED-0E57-43B4-8606-00ADC7845BB8}.Debug|x64.ActiveCfg = Debug|Any CPU
		{A8A6F2ED-0E57-43B4-8606-00ADC7845BB8}.Debug|x64.Build.0 = Debug|Any CPU
		{A8A6F2ED-0E57-43B4-8606-00ADC7845BB8}.Debug|x86.ActiveCfg = Debug|Any CPU
		{A8A6F2ED-0E57-43B4-8606-00ADC7845BB8}.Debug|x86.Build.0 = Debug|Any CPU
		{A8A6F2ED-0E57-43B4-8606-00ADC7845BB8}.Release|Any CPU.ActiveCfg = Release|Any CPU
		{A8A6F2ED-0E57-43B4-8606-00ADC7845BB8}.Release|Any CPU.Build.0 = Release|Any CPU
		{A8A6F2ED-0E57-43B4-8606-00ADC7845BB8}.Release|x64.ActiveCfg = Release|Any CPU
		{A8A6F2ED-0E57-43B4-8606-00ADC7845BB8}.Release|x64.Build.0 = Release|Any CPU
		{A8A6F2ED-0E57-43B4-8606-00ADC7845BB8}.Release|x86.ActiveCfg = Release|Any CPU
		{A8A6F2ED-0E57-43B4-8606-00ADC7845BB8}.Release|x86.Build.0 = Release|Any CPU
		{DE8FEEA6-8265-46CE-9628-EABD4D995805}.Debug|Any CPU.ActiveCfg = Debug|Any CPU
		{DE8FEEA6-8265-46CE-9628-EABD4D995805}.Debug|Any CPU.Build.0 = Debug|Any CPU
		{DE8FEEA6-8265-46CE-9628-EABD4D995805}.Debug|x64.ActiveCfg = Debug|Any CPU
		{DE8FEEA6-8265-46CE-9628-EABD4D995805}.Debug|x64.Build.0 = Debug|Any CPU
		{DE8FEEA6-8265-46CE-9628-EABD4D995805}.Debug|x86.ActiveCfg = Debug|Any CPU
		{DE8FEEA6-8265-46CE-9628-EABD4D995805}.Debug|x86.Build.0 = Debug|Any CPU
		{DE8FEEA6-8265-46CE-9628-EABD4D995805}.Release|Any CPU.ActiveCfg = Release|Any CPU
		{DE8FEEA6-8265-46CE-9628-EABD4D995805}.Release|Any CPU.Build.0 = Release|Any CPU
		{DE8FEEA6-8265-46CE-9628-EABD4D995805}.Release|x64.ActiveCfg = Release|Any CPU
		{DE8FEEA6-8265-46CE-9628-EABD4D995805}.Release|x64.Build.0 = Release|Any CPU
		{DE8FEEA6-8265-46CE-9628-EABD4D995805}.Release|x86.ActiveCfg = Release|Any CPU
		{DE8FEEA6-8265-46CE-9628-EABD4D995805}.Release|x86.Build.0 = Release|Any CPU
	EndGlobalSection
	GlobalSection(SolutionProperties) = preSolution
		HideSolutionNode = FALSE
	EndGlobalSection
	GlobalSection(NestedProjects) = preSolution
		{0AB48338-9CF0-4E35-BE7B-6586F33B1955} = {827E0CD3-B72D-47B6-A68D-7590B98EB39B}
		{39185E71-90A9-42D9-9059-BE757996D939} = {827E0CD3-B72D-47B6-A68D-7590B98EB39B}
		{183B8FD7-3A90-4D9D-BF55-671E70B9A77F} = {827E0CD3-B72D-47B6-A68D-7590B98EB39B}
		{A8A6F2ED-0E57-43B4-8606-00ADC7845BB8} = {827E0CD3-B72D-47B6-A68D-7590B98EB39B}
		{DE8FEEA6-8265-46CE-9628-EABD4D995805} = {827E0CD3-B72D-47B6-A68D-7590B98EB39B}
	EndGlobalSection
EndGlobal
