
Microsoft Visual Studio Solution File, Format Version 12.00
# Visual Studio Version 17
VisualStudioVersion = 17.0.31903.59
MinimumVisualStudioVersion = 10.0.40219.1
Project("{2150E333-8FDC-42A3-9474-1A3956D46DE8}") = "src", "src", "{8B1114C6-6813-4405-80DA-01F88A8B797C}"
EndProject
Project("{FAE04EC0-301F-11D3-BF4B-00C04F79EFBC}") = "BootcampWebApp", "src\BootcampWebApp\BootcampWebApp.csproj", "{8CD9F488-40A6-42F0-BB28-352B4068BCAC}"
EndProject
Global
	GlobalSection(SolutionConfigurationPlatforms) = preSolution
		Debug|Any CPU = Debug|Any CPU
		Release|Any CPU = Release|Any CPU
	EndGlobalSection
	GlobalSection(SolutionProperties) = preSolution
		HideSolutionNode = FALSE
	EndGlobalSection
	GlobalSection(ProjectConfigurationPlatforms) = postSolution
		{8CD9F488-40A6-42F0-BB28-352B4068BCAC}.Debug|Any CPU.ActiveCfg = Debug|Any CPU
		{8CD9F488-40A6-42F0-BB28-352B4068BCAC}.Debug|Any CPU.Build.0 = Debug|Any CPU
		{8CD9F488-40A6-42F0-BB28-352B4068BCAC}.Release|Any CPU.ActiveCfg = Release|Any CPU
		{8CD9F488-40A6-42F0-BB28-352B4068BCAC}.Release|Any CPU.Build.0 = Release|Any CPU
	EndGlobalSection
	GlobalSection(NestedProjects) = preSolution
		{8CD9F488-40A6-42F0-BB28-352B4068BCAC} = {8B1114C6-6813-4405-80DA-01F88A8B797C}
	EndGlobalSection
EndGlobal
